{
  "requires": true,
  "lockfileVersion": 1,
  "dependencies": {
    "cleave.js": {
      "version": "1.5.3",
      "resolved": "https://registry.npmjs.org/cleave.js/-/cleave.js-1.5.3.tgz",
      "integrity": "sha512-tLum0abk+NRUZtMxpqLQS0jE9k2KYzsUlnMAqfMd2LAf8bb5xTHLHXTtPyI+dCk6DThtmWER3EzKfUi4NHdR7A=="
    },
    "jquery": {
      "version": "3.4.1",
      "resolved": "https://registry.npmjs.org/jquery/-/jquery-3.4.1.tgz",
      "integrity": "sha512-36+AdBzCL+y6qjw5Tx7HgzeGCzC81MDDgaUP8ld2zhx58HdqXGoBd+tHdrBMiyjGQs0Hxs/MLZTu/eHNJJuWPw=="
    },
    "suggestions-jquery": {
      "version": "19.10.0",
      "resolved": "https://registry.npmjs.org/suggestions-jquery/-/suggestions-jquery-19.10.0.tgz",
      "integrity": "sha512-tNuB3GZN4HgLL6JQBdXZ4l9QGFziZDwg62DlVwW/cep8dgaWzLPLpjJs98br5cFjVCPvnuSVNmX86BQipAL/eA==",
      "requires": {
        "jquery": ">= 1.9"
      }
    }
  }
}
